
Microsoft Visual Studio Solution File, Format Version 12.00
# Visual Studio Version 17
VisualStudioVersion = 17.13.35825.156
MinimumVisualStudioVersion = 10.0.40219.1
Project("{FAE04EC0-301F-11D3-BF4B-00C04F79EFBC}") = "CTUScheduler.Desktop", "CTUScheduler.Desktop\CTUScheduler.Desktop.csproj", "{7873777F-E23F-657B-97DE-3DEF407A1DBE}"
EndProject
Project("{FAE04EC0-301F-11D3-BF4B-00C04F79EFBC}") = "CTUScheduler", "CTUScheduler\CTUScheduler.csproj", "{AB7FF23C-86C6-4344-AD81-D0B8E6C40CF5}"
EndProject
Global
	GlobalSection(SolutionConfigurationPlatforms) = preSolution
		Debug|Any CPU = Debug|Any CPU
		Release|Any CPU = Release|Any CPU
	EndGlobalSection
	GlobalSection(ProjectConfigurationPlatforms) = postSolution
		{7873777F-E23F-657B-97DE-3DEF407A1DBE}.Debug|Any CPU.ActiveCfg = Debug|Any CPU
		{7873777F-E23F-657B-97DE-3DEF407A1DBE}.Debug|Any CPU.Build.0 = Debug|Any CPU
		{7873777F-E23F-657B-97DE-3DEF407A1DBE}.Release|Any CPU.ActiveCfg = Release|Any CPU
		{7873777F-E23F-657B-97DE-3DEF407A1DBE}.Release|Any CPU.Build.0 = Release|Any CPU
		{AB7FF23C-86C6-4344-AD81-D0B8E6C40CF5}.Debug|Any CPU.ActiveCfg = Debug|Any CPU
		{AB7FF23C-86C6-4344-AD81-D0B8E6C40CF5}.Debug|Any CPU.Build.0 = Debug|Any CPU
		{AB7FF23C-86C6-4344-AD81-D0B8E6C40CF5}.Release|Any CPU.ActiveCfg = Release|Any CPU
		{AB7FF23C-86C6-4344-AD81-D0B8E6C40CF5}.Release|Any CPU.Build.0 = Release|Any CPU
	EndGlobalSection
	GlobalSection(SolutionProperties) = preSolution
		HideSolutionNode = FALSE
	EndGlobalSection
	GlobalSection(ExtensibilityGlobals) = postSolution
		SolutionGuid = {B732735C-90A6-4AFD-8997-E76C996D8F15}
	EndGlobalSection
EndGlobal
